<?xml version="1.0" encoding="utf-8"?>
<Project ToolsVersion="4.0" xmlns="http://schemas.microsoft.com/developer/msbuild/2003">
  <ItemGroup>
    <Filter Include="源文件">
      <UniqueIdentifier>{4FC737F1-C7A5-4376-A066-2A32D752A2FF}</UniqueIdentifier>
      <Extensions>cpp;c;cc;cxx;c++;cppm;ixx;def;odl;idl;hpj;bat;asm;asmx</Extensions>
    </Filter>
    <Filter Include="头文件">
      <UniqueIdentifier>{93995380-89BD-4b04-88EB-625FBE52EBFB}</UniqueIdentifier>
      <Extensions>h;hh;hpp;hxx;h++;hm;inl;inc;ipp;xsd</Extensions>
    </Filter>
    <Filter Include="资源文件">
      <UniqueIdentifier>{67DA6AB6-F800-4c08-8B7A-83BB121AAD01}</UniqueIdentifier>
      <Extensions>rc;ico;cur;bmp;dlg;rc2;rct;bin;rgs;gif;jpg;jpeg;jpe;resx;tiff;tif;png;wav;mfcribbon-ms</Extensions>
    </Filter>
    <Filter Include="ServiceCore">
      <UniqueIdentifier>{9fb89bc3-40c0-42ee-acf6-5df1ff261fca}</UniqueIdentifier>
    </Filter>
    <Filter Include="框架模块">
      <UniqueIdentifier>{c20ae770-e762-4d47-abad-49c21ee160a3}</UniqueIdentifier>
    </Filter>
    <Filter Include="任务模块">
      <UniqueIdentifier>{b58f3642-4e4a-4199-bc0c-a52355eeb5b5}</UniqueIdentifier>
    </Filter>
    <Filter Include="框架模块\源文件">
      <UniqueIdentifier>{ca444a3f-79bc-48df-9aac-4ee41172b275}</UniqueIdentifier>
    </Filter>
    <Filter Include="框架模块\头文件">
      <UniqueIdentifier>{09542d6f-8495-45c4-a8ff-0b198d90b399}</UniqueIdentifier>
    </Filter>
  </ItemGroup>
  <ItemGroup>
    <ClInclude Include="MFC1.h">
      <Filter>头文件</Filter>
    </ClInclude>
    <ClInclude Include="MFC1Dlg.h">
      <Filter>头文件</Filter>
    </ClInclude>
    <ClInclude Include="framework.h">
      <Filter>头文件</Filter>
    </ClInclude>
    <ClInclude Include="targetver.h">
      <Filter>头文件</Filter>
    </ClInclude>
    <ClInclude Include="Resource.h">
      <Filter>头文件</Filter>
    </ClInclude>
    <ClInclude Include="pch.h">
      <Filter>头文件</Filter>
    </ClInclude>
    <ClInclude Include="include\ServiceCore\Array.h">
      <Filter>ServiceCore</Filter>
    </ClInclude>
    <ClInclude Include="include\ServiceCore\Define.h">
      <Filter>ServiceCore</Filter>
    </ClInclude>
    <ClInclude Include="include\ServiceCore\Lock.h">
      <Filter>ServiceCore</Filter>
    </ClInclude>
    <ClInclude Include="include\ServiceCore\Macro.h">
      <Filter>ServiceCore</Filter>
    </ClInclude>
    <ClInclude Include="include\ServiceCore\ServiceCoreHead.h">
      <Filter>ServiceCore</Filter>
    </ClInclude>
    <ClInclude Include="include\ServiceCore\TraceService.h">
      <Filter>ServiceCore</Filter>
    </ClInclude>
    <ClInclude Include="include\ServiceCore\utils.h">
      <Filter>ServiceCore</Filter>
    </ClInclude>
    <ClInclude Include="include\ServiceCore\WHCommandLine.h">
      <Filter>ServiceCore</Filter>
    </ClInclude>
    <ClInclude Include="include\ServiceCore\WHDataLocker.h">
      <Filter>ServiceCore</Filter>
    </ClInclude>
    <ClInclude Include="include\ServiceCore\WHDataQueue.h">
      <Filter>ServiceCore</Filter>
    </ClInclude>
    <ClInclude Include="include\ServiceCore\WHEncrypt.h">
      <Filter>ServiceCore</Filter>
    </ClInclude>
    <ClInclude Include="include\ServiceCore\WHIniData.h">
      <Filter>ServiceCore</Filter>
    </ClInclude>
    <ClInclude Include="include\ServiceCore\WHMD5CheckSum.h">
      <Filter>ServiceCore</Filter>
    </ClInclude>
    <ClInclude Include="include\ServiceCore\WHRegKey.h">
      <Filter>ServiceCore</Filter>
    </ClInclude>
    <ClInclude Include="include\ServiceCore\WHService.h">
      <Filter>ServiceCore</Filter>
    </ClInclude>
    <ClInclude Include="include\ServiceCore\WHThread.h">
      <Filter>ServiceCore</Filter>
    </ClInclude>
    <ClInclude Include="CEngine.h">
      <Filter>框架模块\头文件</Filter>
    </ClInclude>
    <ClInclude Include="CWndManager.h">
      <Filter>框架模块\头文件</Filter>
    </ClInclude>
    <ClInclude Include="CTaskManager.h">
      <Filter>框架模块\头文件</Filter>
    </ClInclude>
    <ClInclude Include="struct.h">
      <Filter>框架模块\头文件</Filter>
    </ClInclude>
  </ItemGroup>
  <ItemGroup>
    <ClCompile Include="MFC1.cpp">
      <Filter>源文件</Filter>
    </ClCompile>
    <ClCompile Include="MFC1Dlg.cpp">
      <Filter>源文件</Filter>
    </ClCompile>
    <ClCompile Include="pch.cpp">
      <Filter>源文件</Filter>
    </ClCompile>
    <ClCompile Include="include\ServiceCore\Lock.cpp">
      <Filter>ServiceCore</Filter>
    </ClCompile>
    <ClCompile Include="include\ServiceCore\TraceService.cpp">
      <Filter>ServiceCore</Filter>
    </ClCompile>
    <ClCompile Include="include\ServiceCore\utils.cpp">
      <Filter>ServiceCore</Filter>
    </ClCompile>
    <ClCompile Include="include\ServiceCore\WHCommandLine.cpp">
      <Filter>ServiceCore</Filter>
    </ClCompile>
    <ClCompile Include="include\ServiceCore\WHDataLocker.cpp">
      <Filter>ServiceCore</Filter>
    </ClCompile>
    <ClCompile Include="include\ServiceCore\WHDataQueue.cpp">
      <Filter>ServiceCore</Filter>
    </ClCompile>
    <ClCompile Include="include\ServiceCore\WHEncrypt.cpp">
      <Filter>ServiceCore</Filter>
    </ClCompile>
    <ClCompile Include="include\ServiceCore\WHIniData.cpp">
      <Filter>ServiceCore</Filter>
    </ClCompile>
    <ClCompile Include="include\ServiceCore\WHMD5CheckSum.cpp">
      <Filter>ServiceCore</Filter>
    </ClCompile>
    <ClCompile Include="include\ServiceCore\WHRegKey.cpp">
      <Filter>ServiceCore</Filter>
    </ClCompile>
    <ClCompile Include="include\ServiceCore\WHService.cpp">
      <Filter>ServiceCore</Filter>
    </ClCompile>
    <ClCompile Include="include\ServiceCore\WHThread.cpp">
      <Filter>ServiceCore</Filter>
    </ClCompile>
    <ClCompile Include="CEngine.cpp">
      <Filter>框架模块\源文件</Filter>
    </ClCompile>
    <ClCompile Include="CWndManager.cpp">
      <Filter>框架模块\源文件</Filter>
    </ClCompile>
    <ClCompile Include="CTaskManager.cpp">
      <Filter>框架模块\源文件</Filter>
    </ClCompile>
  </ItemGroup>
  <ItemGroup>
    <ResourceCompile Include="MFC1.rc">
      <Filter>资源文件</Filter>
    </ResourceCompile>
  </ItemGroup>
  <ItemGroup>
    <None Include="res\MFC1.rc2">
      <Filter>资源文件</Filter>
    </None>
  </ItemGroup>
  <ItemGroup>
    <Image Include="res\MFC1.ico">
      <Filter>资源文件</Filter>
    </Image>
  </ItemGroup>
</Project>